
Microsoft Visual Studio Solution File, Format Version 12.00
# Visual Studio Version 17
VisualStudioVersion = 17.4.33122.133
MinimumVisualStudioVersion = 10.0.40219.1
Project("{FAE04EC0-301F-11D3-BF4B-00C04F79EFBC}") = "PDF_Reader_MongoDB", "PDF_Reader_MongoDB\PDF_Reader_MongoDB.csproj", "{7D935CB4-7170-477B-BEE0-05684CC75500}"
EndProject
Global
	GlobalSection(SolutionConfigurationPlatforms) = preSolution
		Debug|Any CPU = Debug|Any CPU
		Release|Any CPU = Release|Any CPU
	EndGlobalSection
	GlobalSection(ProjectConfigurationPlatforms) = postSolution
		{7D935CB4-7170-477B-BEE0-05684CC75500}.Debug|Any CPU.ActiveCfg = Debug|Any CPU
		{7D935CB4-7170-477B-BEE0-05684CC75500}.Debug|Any CPU.Build.0 = Debug|Any CPU
		{7D935CB4-7170-477B-BEE0-05684CC75500}.Release|Any CPU.ActiveCfg = Release|Any CPU
		{7D935CB4-7170-477B-BEE0-05684CC75500}.Release|Any CPU.Build.0 = Release|Any CPU
	EndGlobalSection
	GlobalSection(SolutionProperties) = preSolution
		HideSolutionNode = FALSE
	EndGlobalSection
	GlobalSection(ExtensibilityGlobals) = postSolution
		SolutionGuid = {C4F7BC92-B8DB-4B57-9D58-043CA9176257}
	EndGlobalSection
EndGlobal
